
Microsoft Visual Studio Solution File, Format Version 12.00
# Visual Studio Version 17
VisualStudioVersion = 17.3.32901.215
MinimumVisualStudioVersion = 10.0.40219.1
Project("{FAE04EC0-301F-11D3-BF4B-00C04F79EFBC}") = "RouteLists", "RouteLists\RouteLists.csproj", "{B206C14B-B4F9-4769-9714-05372D5A76BB}"
EndProject
Global
	GlobalSection(SolutionConfigurationPlatforms) = preSolution
		Debug|Any CPU = Debug|Any CPU
		Release|Any CPU = Release|Any CPU
	EndGlobalSection
	GlobalSection(ProjectConfigurationPlatforms) = postSolution
		{B206C14B-B4F9-4769-9714-05372D5A76BB}.Debug|Any CPU.ActiveCfg = Debug|Any CPU
		{B206C14B-B4F9-4769-9714-05372D5A76BB}.Debug|Any CPU.Build.0 = Debug|Any CPU
		{B206C14B-B4F9-4769-9714-05372D5A76BB}.Release|Any CPU.ActiveCfg = Release|Any CPU
		{B206C14B-B4F9-4769-9714-05372D5A76BB}.Release|Any CPU.Build.0 = Release|Any CPU
	EndGlobalSection
	GlobalSection(SolutionProperties) = preSolution
		HideSolutionNode = FALSE
	EndGlobalSection
	GlobalSection(ExtensibilityGlobals) = postSolution
		SolutionGuid = {34231120-E2C1-4A3C-B603-FDB89981F804}
	EndGlobalSection
EndGlobal
